
Microsoft Visual Studio Solution File, Format Version 12.00
# Visual Studio Version 16
VisualStudioVersion = 16.0.30002.166
MinimumVisualStudioVersion = 10.0.40219.1
Project("{FAE04EC0-301F-11D3-BF4B-00C04F79EFBC}") = "Schedulaaa2021", "Schedulaaa2021.csproj", "{2234A628-A455-47FD-9AED-129AEA2F898B}"
EndProject
Global
	GlobalSection(SolutionConfigurationPlatforms) = preSolution
		Debug|Any CPU = Debug|Any CPU
		Release|Any CPU = Release|Any CPU
	EndGlobalSection
	GlobalSection(ProjectConfigurationPlatforms) = postSolution
		{2234A628-A455-47FD-9AED-129AEA2F898B}.Debug|Any CPU.ActiveCfg = Debug|Any CPU
		{2234A628-A455-47FD-9AED-129AEA2F898B}.Debug|Any CPU.Build.0 = Debug|Any CPU
		{2234A628-A455-47FD-9AED-129AEA2F898B}.Release|Any CPU.ActiveCfg = Release|Any CPU
		{2234A628-A455-47FD-9AED-129AEA2F898B}.Release|Any CPU.Build.0 = Release|Any CPU
	EndGlobalSection
	GlobalSection(SolutionProperties) = preSolution
		HideSolutionNode = FALSE
	EndGlobalSection
	GlobalSection(ExtensibilityGlobals) = postSolution
		SolutionGuid = {0572E911-C983-4027-A19C-909221F3EB5C}
	EndGlobalSection
EndGlobal
